# THIS IS AN AUTOGENERATED FILE. DO NOT EDIT THIS FILE DIRECTLY.
# yarn lockfile v1


simplelightbox@^2.2.2:
  version "2.2.2"
  resolved "https://registry.yarnpkg.com/simplelightbox/-/simplelightbox-2.2.2.tgz#886eb1bcbc6fba5ba190106bf207d30214d077c2"
  integrity sha512-MnS1r2jSfAFKAFAJ1gW+IJaBmx55WoU5+0XWXhMT7Tfr+nPMu06dLPrJSx2L0LVChgBqd4oHEBr0d9AIlDgcyg==
